<Solution>
  <Folder Name="/src/">
    <Project Path="src/Data/ScalaAPI.Data.csproj" />
    <Project Path="src/Platform.Host/Platform.Host.csproj" />
    <Project Path="src/Grains.Interfaces/Grains.Interfaces.csproj" />
    <Project Path="src/Grains/Grains.csproj" />
    <Project Path="src/ObjectStorage.FaultProxy/ObjectStorage.FaultProxy.csproj" />
    <Project Path="src/Admin.Api/Admin.Api.csproj" />
    <Project Path="src/Db.Migrator/Db.Migrator.csproj" />
    <Project Path="src/Provider.Mock/Provider.Mock.csproj" />
  </Folder>
  <Folder Name="/test/">
    <Project Path="test/Admin.Tests/Admin.Tests.csproj" />
    <Project Path="test/Grains.Tests/Grains.Tests.csproj" />
    <Project Path="test/Host.Tests/Host.Tests.csproj" />
    <Project Path="test/Provider.Mock.Tests/Provider.Mock.Tests.csproj" />
    <Project Path="test/Platform.Benchmarks/Platform.Benchmarks.csproj" />
  </Folder>
</Solution>
